
Microsoft Visual Studio Solution File, Format Version 12.00
# Visual Studio 14
VisualStudioVersion = 14.0.24720.0
MinimumVisualStudioVersion = 10.0.40219.1
Project("{FAE04EC0-301F-11D3-BF4B-00C04F79EFBC}") = "Common.Logging.Core.2015-net45", "src\Common.Logging.Core\Common.Logging.Core.2015-net45.csproj", "{0D94BB87-EEB6-4F3D-9B9F-0A0F14394809}"
EndProject
Project("{FAE04EC0-301F-11D3-BF4B-00C04F79EFBC}") = "Common.Logging.Portable.2015-net45", "src\Common.Logging.Portable\Common.Logging.Portable.2015-net45.csproj", "{079CEC09-731A-4574-804F-3078377A4FF5}"
EndProject
Global
	GlobalSection(SolutionConfigurationPlatforms) = preSolution
		Debug|Any CPU = Debug|Any CPU
		Release|Any CPU = Release|Any CPU
	EndGlobalSection
	GlobalSection(ProjectConfigurationPlatforms) = postSolution
		{0D94BB87-EEB6-4F3D-9B9F-0A0F14394809}.Debug|Any CPU.ActiveCfg = Debug|Any CPU
		{0D94BB87-EEB6-4F3D-9B9F-0A0F14394809}.Debug|Any CPU.Build.0 = Debug|Any CPU
		{0D94BB87-EEB6-4F3D-9B9F-0A0F14394809}.Release|Any CPU.ActiveCfg = Release|Any CPU
		{0D94BB87-EEB6-4F3D-9B9F-0A0F14394809}.Release|Any CPU.Build.0 = Release|Any CPU
		{079CEC09-731A-4574-804F-3078377A4FF5}.Debug|Any CPU.ActiveCfg = Debug|Any CPU
		{079CEC09-731A-4574-804F-3078377A4FF5}.Debug|Any CPU.Build.0 = Debug|Any CPU
		{079CEC09-731A-4574-804F-3078377A4FF5}.Release|Any CPU.ActiveCfg = Release|Any CPU
		{079CEC09-731A-4574-804F-3078377A4FF5}.Release|Any CPU.Build.0 = Release|Any CPU
	EndGlobalSection
	GlobalSection(SolutionProperties) = preSolution
		HideSolutionNode = FALSE
	EndGlobalSection
EndGlobal
